
Microsoft Visual Studio Solution File, Format Version 12.00
# Visual Studio Version 16
VisualStudioVersion = 16.0.29709.97
MinimumVisualStudioVersion = 10.0.40219.1
Project("{FAE04EC0-301F-11D3-BF4B-00C04F79EFBC}") = "EFCore.Temporal.Query", "EFCore.Temporal.Query\EFCore.Temporal.Query.csproj", "{2075DAFD-90E2-4C15-89FA-A325F55A4122}"
EndProject
Global
	GlobalSection(SolutionConfigurationPlatforms) = preSolution
		Debug|Any CPU = Debug|Any CPU
		Release|Any CPU = Release|Any CPU
	EndGlobalSection
	GlobalSection(ProjectConfigurationPlatforms) = postSolution
		{2075DAFD-90E2-4C15-89FA-A325F55A4122}.Debug|Any CPU.ActiveCfg = Debug|Any CPU
		{2075DAFD-90E2-4C15-89FA-A325F55A4122}.Debug|Any CPU.Build.0 = Debug|Any CPU
		{2075DAFD-90E2-4C15-89FA-A325F55A4122}.Release|Any CPU.ActiveCfg = Release|Any CPU
		{2075DAFD-90E2-4C15-89FA-A325F55A4122}.Release|Any CPU.Build.0 = Release|Any CPU
	EndGlobalSection
	GlobalSection(SolutionProperties) = preSolution
		HideSolutionNode = FALSE
	EndGlobalSection
	GlobalSection(ExtensibilityGlobals) = postSolution
		SolutionGuid = {C91E61C4-A429-4EEC-90E6-7D6663E135AB}
	EndGlobalSection
EndGlobal
